{
  "name": "oswal",
  "version": "1.0.0",
  "lockfileVersion": 1,
  "requires": true,
  "dependencies": {
    "braintreehttp": {
      "version": "0.3.1",
      "resolved": "https://registry.npmjs.org/braintreehttp/-/braintreehttp-0.3.1.tgz",
      "integrity": "sha1-b5U/lMUyyiJwiSMa0Z0dPn7ZvKw="
    },
    "paypal-rest-sdk": {
      "version": "2.0.0-rc.1",
      "resolved": "https://registry.npmjs.org/paypal-rest-sdk/-/paypal-rest-sdk-2.0.0-rc.1.tgz",
      "integrity": "sha512-g0lMhSpVJYifyykWSXTWbgb7rjDBnsfOrlaBZYmKR+zKh4J6y+O02C2ZewhNTqUl3UJPATkHrzF3sdOwG+ruIw==",
      "requires": {
        "braintreehttp": "0.3.1"
      }
    }
  }
}
